// !$*UTF8*$!
{
	archiveVersion = 1;
	classes = {
	};
	objectVersion = 46;
	objects = {

/* Begin PBXBuildFile section */
		875AF21C1C769116005FE004 /* AppDelegate.swift in Sources */ = {isa = PBXBuildFile; fileRef = 875AF21B1C769116005FE004 /* AppDelegate.swift */; };
		875AF21E1C769117005FE004 /* ViewController.swift in Sources */ = {isa = PBXBuildFile; fileRef = 875AF21D1C769117005FE004 /* ViewController.swift */; };
		875AF2211C769117005FE004 /* Main.storyboard in Resources */ = {isa = PBXBuildFile; fileRef = 875AF21F1C769117005FE004 /* Main.storyboard */; };
		875AF2231C769117005FE004 /* Assets.xcassets in Resources */ = {isa = PBXBuildFile; fileRef = 875AF2221C769117005FE004 /* Assets.xcassets */; };
		875AF2261C769117005FE004 /* LaunchScreen.storyboard in Resources */ = {isa = PBXBuildFile; fileRef = 875AF2241C769117005FE004 /* LaunchScreen.storyboard */; };
		875AF2311C769117005FE004 /* EyeTrackerDemoTests.swift in Sources */ = {isa = PBXBuildFile; fileRef = 875AF2301C769117005FE004 /* EyeTrackerDemoTests.swift */; };
/* End PBXBuildFile section */

/* Begin PBXContainerItemProxy section */
		875AF22D1C769117005FE004 /* PBXContainerItemProxy */ = {
			isa = PBXContainerItemProxy;
			containerPortal = 875AF2101C769116005FE004 /* Project object */;
			proxyType = 1;
			remoteGlobalIDString = 875AF2171C769116005FE004;
			remoteInfo = EyeTrackerDemo;
		};
/* End PBXContainerItemProxy section */

/* Begin PBXFileReference section */
		875AF2181C769116005FE004 /* EyeTrackerDemo.app */ = {isa = PBXFileReference; explicitFileType = wrapper.application; includeInIndex = 0; path = EyeTrackerDemo.app; sourceTree = BUILT_PRODUCTS_DIR; };
		875AF21B1C769116005FE004 /* AppDelegate.swift */ = {isa = PBXFileReference; lastKnownFileType = sourcecode.swift; path = AppDelegate.swift; sourceTree = "<group>"; };
		875AF21D1C769117005FE004 /* ViewController.swift */ = {isa = PBXFileReference; lastKnownFileType = sourcecode.swift; path = ViewController.swift; sourceTree = "<group>"; };
		875AF2201C769117005FE004 /* Base */ = {isa = PBXFileReference; lastKnownFileType = file.storyboard; name = Base; path = Base.lproj/Main.storyboard; sourceTree = "<group>"; };
		875AF2221C769117005FE004 /* Assets.xcassets */ = {isa = PBXFileReference; lastKnownFileType = folder.assetcatalog; path = Assets.xcassets; sourceTree = "<group>"; };
		875AF2251C769117005FE004 /* Base */ = {isa = PBXFileReference; lastKnownFileType = file.storyboard; name = Base; path = Base.lproj/LaunchScreen.storyboard; sourceTree = "<group>"; };
		875AF2271C769117005FE004 /* Info.plist */ = {isa = PBXFileReference; lastKnownFileType = text.plist.xml; path = Info.plist; sourceTree = "<group>"; };
		875AF22C1C769117005FE004 /* EyeTrackerDemoTests.xctest */ = {isa = PBXFileReference; explicitFileType = wrapper.cfbundle; includeInIndex = 0; path = EyeTrackerDemoTests.xctest; sourceTree = BUILT_PRODUCTS_DIR; };
		875AF2301C769117005FE004 /* EyeTrackerDemoTests.swift */ = {isa = PBXFileReference; lastKnownFileType = sourcecode.swift; path = EyeTrackerDemoTests.swift; sourceTree = "<group>"; };
		875AF2321C769117005FE004 /* Info.plist */ = {isa = PBXFileReference; lastKnownFileType = text.plist.xml; path = Info.plist; sourceTree = "<group>"; };
/* End PBXFileReference section */

/* Begin PBXFrameworksBuildPhase section */
		875AF2151C769116005FE004 /* Frameworks */ = {
			isa = PBXFrameworksBuildPhase;
			buildActionMask = 2147483647;
			files = (
			);
			runOnlyForDeploymentPostprocessing = 0;
		};
		875AF2291C769117005FE004 /* Frameworks */ = {
			isa = PBXFrameworksBuildPhase;
			buildActionMask = 2147483647;
			files = (
			);
			runOnlyForDeploymentPostprocessing = 0;
		};
/* End PBXFrameworksBuildPhase section */

/* Begin PBXGroup section */
		875AF20F1C769116005FE004 = {
			isa = PBXGroup;
			children = (
				875AF21A1C769116005FE004 /* EyeTrackerDemo */,
				875AF22F1C769117005FE004 /* EyeTrackerDemoTests */,
				875AF2191C769116005FE004 /* Products */,
			);
			sourceTree = "<group>";
		};
		875AF2191C769116005FE004 /* Products */ = {
			isa = PBXGroup;
			children = (
				875AF2181C769116005FE004 /* EyeTrackerDemo.app */,
				875AF22C1C769117005FE004 /* EyeTrackerDemoTests.xctest */,
			);
			name = Products;
			sourceTree = "<group>";
		};
		875AF21A1C769116005FE004 /* EyeTrackerDemo */ = {
			isa = PBXGroup;
			children = (
				875AF21B1C769116005FE004 /* AppDelegate.swift */,
				875AF21D1C769117005FE004 /* ViewController.swift */,
				875AF21F1C769117005FE004 /* Main.storyboard */,
				875AF2221C769117005FE004 /* Assets.xcassets */,
				875AF2241C769117005FE004 /* LaunchScreen.storyboard */,
				875AF2271C769117005FE004 /* Info.plist */,
			);
			path = EyeTrackerDemo;
			sourceTree = "<group>";
		};
		875AF22F1C769117005FE004 /* EyeTrackerDemoTests */ = {
			isa = PBXGroup;
			children = (
				875AF2301C769117005FE004 /* EyeTrackerDemoTests.swift */,
				875AF2321C769117005FE004 /* Info.plist */,
			);
			path = EyeTrackerDemoTests;
			sourceTree = "<group>";
		};
/* End PBXGroup section */

/* Begin PBXNativeTarget section */
		875AF2171C769116005FE004 /* EyeTrackerDemo */ = {
			isa = PBXNativeTarget;
			buildConfigurationList = 875AF2351C769117005FE004 /* Build configuration list for PBXNativeTarget "EyeTrackerDemo" */;
			buildPhases = (
				875AF2141C769116005FE004 /* Sources */,
				875AF2151C769116005FE004 /* Frameworks */,
				875AF2161C769116005FE004 /* Resources */,
			);
			buildRules = (
			);
			dependencies = (
			);
			name = EyeTrackerDemo;
			productName = EyeTrackerDemo;
			productReference = 875AF2181C769116005FE004 /* EyeTrackerDemo.app */;
			productType = "com.apple.product-type.application";
		};
		875AF22B1C769117005FE004 /* EyeTrackerDemoTests */ = {
			isa = PBXNativeTarget;
			buildConfigurationList = 875AF2381C769117005FE004 /* Build configuration list for PBXNativeTarget "EyeTrackerDemoTests" */;
			buildPhases = (
				875AF2281C769117005FE004 /* Sources */,
				875AF2291C769117005FE004 /* Frameworks */,
				875AF22A1C769117005FE004 /* Resources */,
			);
			buildRules = (
			);
			dependencies = (
				875AF22E1C769117005FE004 /* PBXTargetDependency */,
			);
			name = EyeTrackerDemoTests;
			productName = EyeTrackerDemoTests;
			productReference = 875AF22C1C769117005FE004 /* EyeTrackerDemoTests.xctest */;
			productType = "com.apple.product-type.bundle.unit-test";
		};
/* End PBXNativeTarget section */

/* Begin PBXProject section */
		875AF2101C769116005FE004 /* Project object */ = {
			isa = PBXProject;
			attributes = {
				LastSwiftUpdateCheck = 0720;
				LastUpgradeCheck = 0720;
				ORGANIZATIONNAME = "Harini Kannan";
				TargetAttributes = {
					875AF2171C769116005FE004 = {
						CreatedOnToolsVersion = 7.2.1;
						DevelopmentTeam = HAS63Y5J2V;
					};
					875AF22B1C769117005FE004 = {
						CreatedOnToolsVersion = 7.2.1;
						DevelopmentTeam = HAS63Y5J2V;
						TestTargetID = 875AF2171C769116005FE004;
					};
				};
			};
			buildConfigurationList = 875AF2131C769116005FE004 /* Build configuration list for PBXProject "EyeTrackerDemo" */;
			compatibilityVersion = "Xcode 3.2";
			developmentRegion = English;
			hasScannedForEncodings = 0;
			knownRegions = (
				en,
				Base,
			);
			mainGroup = 875AF20F1C769116005FE004;
			productRefGroup = 875AF2191C769116005FE004 /* Products */;
			projectDirPath = "";
			projectRoot = "";
			targets = (
				875AF2171C769116005FE004 /* EyeTrackerDemo */,
				875AF22B1C769117005FE004 /* EyeTrackerDemoTests */,
			);
		};
/* End PBXProject section */

/* Begin PBXResourcesBuildPhase section */
		875AF2161C769116005FE004 /* Resources */ = {
			isa = PBXResourcesBuildPhase;
			buildActionMask = 2147483647;
			files = (
				875AF2261C769117005FE004 /* LaunchScreen.storyboard in Resources */,
				875AF2231C769117005FE004 /* Assets.xcassets in Resources */,
				875AF2211C769117005FE004 /* Main.storyboard in Resources */,
			);
			runOnlyForDeploymentPostprocessing = 0;
		};
		875AF22A1C769117005FE004 /* Resources */ = {
			isa = PBXResourcesBuildPhase;
			buildActionMask = 2147483647;
			files = (
			);
			runOnlyForDeploymentPostprocessing = 0;
		};
/* End PBXResourcesBuildPhase section */

/* Begin PBXSourcesBuildPhase section */
		875AF2141C769116005FE004 /* Sources */ = {
			isa = PBXSourcesBuildPhase;
			buildActionMask = 2147483647;
			files = (
				875AF21E1C769117005FE004 /* ViewController.swift in Sources */,
				875AF21C1C769116005FE004 /* AppDelegate.swift in Sources */,
			);
			runOnlyForDeploymentPostprocessing = 0;
		};
		875AF2281C769117005FE004 /* Sources */ = {
			isa = PBXSourcesBuildPhase;
			buildActionMask = 2147483647;
			files = (
				875AF2311C769117005FE004 /* EyeTrackerDemoTests.swift in Sources */,
			);
			runOnlyForDeploymentPostprocessing = 0;
		};
/* End PBXSourcesBuildPhase section */

/* Begin PBXTargetDependency section */
		875AF22E1C769117005FE004 /* PBXTargetDependency */ = {
			isa = PBXTargetDependency;
			target = 875AF2171C769116005FE004 /* EyeTrackerDemo */;
			targetProxy = 875AF22D1C769117005FE004 /* PBXContainerItemProxy */;
		};
/* End PBXTargetDependency section */

/* Begin PBXVariantGroup section */
		875AF21F1C769117005FE004 /* Main.storyboard */ = {
			isa = PBXVariantGroup;
			children = (
				875AF2201C769117005FE004 /* Base */,
			);
			name = Main.storyboard;
			sourceTree = "<group>";
		};
		875AF2241C769117005FE004 /* LaunchScreen.storyboard */ = {
			isa = PBXVariantGroup;
			children = (
				875AF2251C769117005FE004 /* Base */,
			);
			name = LaunchScreen.storyboard;
			sourceTree = "<group>";
		};
/* End PBXVariantGroup section */

/* Begin XCBuildConfiguration section */
		875AF2331C769117005FE004 /* Debug */ = {
			isa = XCBuildConfiguration;
			buildSettings = {
				ALWAYS_SEARCH_USER_PATHS = NO;
				CLANG_CXX_LANGUAGE_STANDARD = "gnu++0x";
				CLANG_CXX_LIBRARY = "libc++";
				CLANG_ENABLE_MODULES = YES;
				CLANG_ENABLE_OBJC_ARC = YES;
				CLANG_WARN_BOOL_CONVERSION = YES;
				CLANG_WARN_CONSTANT_CONVERSION = YES;
				CLANG_WARN_DIRECT_OBJC_ISA_USAGE = YES_ERROR;
				CLANG_WARN_EMPTY_BODY = YES;
				CLANG_WARN_ENUM_CONVERSION = YES;
				CLANG_WARN_INT_CONVERSION = YES;
				CLANG_WARN_OBJC_ROOT_CLASS = YES_ERROR;
				CLANG_WARN_UNREACHABLE_CODE = YES;
				CLANG_WARN__DUPLICATE_METHOD_MATCH = YES;
				"CODE_SIGN_IDENTITY[sdk=iphoneos*]" = "iPhone Developer";
				COPY_PHASE_STRIP = NO;
				DEBUG_INFORMATION_FORMAT = dwarf;
				ENABLE_STRICT_OBJC_MSGSEND = YES;
				ENABLE_TESTABILITY = YES;
				GCC_C_LANGUAGE_STANDARD = gnu99;
				GCC_DYNAMIC_NO_PIC = NO;
				GCC_NO_COMMON_BLOCKS = YES;
				GCC_OPTIMIZATION_LEVEL = 0;
				GCC_PREPROCESSOR_DEFINITIONS = (
					"DEBUG=1",
					"$(inherited)",
				);
				GCC_WARN_64_TO_32_BIT_CONVERSION = YES;
				GCC_WARN_ABOUT_RETURN_TYPE = YES_ERROR;
				GCC_WARN_UNDECLARED_SELECTOR = YES;
				GCC_WARN_UNINITIALIZED_AUTOS = YES_AGGRESSIVE;
				GCC_WARN_UNUSED_FUNCTION = YES;
				GCC_WARN_UNUSED_VARIABLE = YES;
				IPHONEOS_DEPLOYMENT_TARGET = 9.2;
				MTL_ENABLE_DEBUG_INFO = YES;
				ONLY_ACTIVE_ARCH = YES;
				SDKROOT = iphoneos;
				SWIFT_OPTIMIZATION_LEVEL = "-Onone";
				TARGETED_DEVICE_FAMILY = "1,2";
			};
			name = Debug;
		};
		875AF2341C769117005FE004 /* Release */ = {
			isa = XCBuildConfiguration;
			buildSettings = {
				ALWAYS_SEARCH_USER_PATHS = NO;
				CLANG_CXX_LANGUAGE_STANDARD = "gnu++0x";
				CLANG_CXX_LIBRARY = "libc++";
				CLANG_ENABLE_MODULES = YES;
				CLANG_ENABLE_OBJC_ARC = YES;
				CLANG_WARN_BOOL_CONVERSION = YES;
				CLANG_WARN_CONSTANT_CONVERSION = YES;
				CLANG_WARN_DIRECT_OBJC_ISA_USAGE = YES_ERROR;
				CLANG_WARN_EMPTY_BODY = YES;
				CLANG_WARN_ENUM_CONVERSION = YES;
				CLANG_WARN_INT_CONVERSION = YES;
				CLANG_WARN_OBJC_ROOT_CLASS = YES_ERROR;
				CLANG_WARN_UNREACHABLE_CODE = YES;
				CLANG_WARN__DUPLICATE_METHOD_MATCH = YES;
				"CODE_SIGN_IDENTITY[sdk=iphoneos*]" = "iPhone Developer";
				COPY_PHASE_STRIP = NO;
				DEBUG_INFORMATION_FORMAT = "dwarf-with-dsym";
				ENABLE_NS_ASSERTIONS = NO;
				ENABLE_STRICT_OBJC_MSGSEND = YES;
				GCC_C_LANGUAGE_STANDARD = gnu99;
				GCC_NO_COMMON_BLOCKS = YES;
				GCC_WARN_64_TO_32_BIT_CONVERSION = YES;
				GCC_WARN_ABOUT_RETURN_TYPE = YES_ERROR;
				GCC_WARN_UNDECLARED_SELECTOR = YES;
				GCC_WARN_UNINITIALIZED_AUTOS = YES_AGGRESSIVE;
				GCC_WARN_UNUSED_FUNCTION = YES;
				GCC_WARN_UNUSED_VARIABLE = YES;
				IPHONEOS_DEPLOYMENT_TARGET = 9.2;
				MTL_ENABLE_DEBUG_INFO = NO;
				SDKROOT = iphoneos;
				TARGETED_DEVICE_FAMILY = "1,2";
				VALIDATE_PRODUCT = YES;
			};
			name = Release;
		};
		875AF2361C769117005FE004 /* Debug */ = {
			isa = XCBuildConfiguration;
			buildSettings = {
				ASSETCATALOG_COMPILER_APPICON_NAME = AppIcon;
				INFOPLIST_FILE = EyeTrackerDemo/Info.plist;
				LD_RUNPATH_SEARCH_PATHS = "$(inherited) @executable_path/Frameworks";
				PRODUCT_BUNDLE_IDENTIFIER = com.example.EyeTrackerDemo;
				PRODUCT_NAME = "$(TARGET_NAME)";
			};
			name = Debug;
		};
		875AF2371C769117005FE004 /* Release */ = {
			isa = XCBuildConfiguration;
			buildSettings = {
				ASSETCATALOG_COMPILER_APPICON_NAME = AppIcon;
				INFOPLIST_FILE = EyeTrackerDemo/Info.plist;
				LD_RUNPATH_SEARCH_PATHS = "$(inherited) @executable_path/Frameworks";
				PRODUCT_BUNDLE_IDENTIFIER = com.example.EyeTrackerDemo;
				PRODUCT_NAME = "$(TARGET_NAME)";
			};
			name = Release;
		};
		875AF2391C769117005FE004 /* Debug */ = {
			isa = XCBuildConfiguration;
			buildSettings = {
				BUNDLE_LOADER = "$(TEST_HOST)";
				INFOPLIST_FILE = EyeTrackerDemoTests/Info.plist;
				LD_RUNPATH_SEARCH_PATHS = "$(inherited) @executable_path/Frameworks @loader_path/Frameworks";
				PRODUCT_BUNDLE_IDENTIFIER = com.example.EyeTrackerDemoTests;
				PRODUCT_NAME = "$(TARGET_NAME)";
				TEST_HOST = "$(BUILT_PRODUCTS_DIR)/EyeTrackerDemo.app/EyeTrackerDemo";
			};
			name = Debug;
		};
		875AF23A1C769117005FE004 /* Release */ = {
			isa = XCBuildConfiguration;
			buildSettings = {
				BUNDLE_LOADER = "$(TEST_HOST)";
				INFOPLIST_FILE = EyeTrackerDemoTests/Info.plist;
				LD_RUNPATH_SEARCH_PATHS = "$(inherited) @executable_path/Frameworks @loader_path/Frameworks";
				PRODUCT_BUNDLE_IDENTIFIER = com.example.EyeTrackerDemoTests;
				PRODUCT_NAME = "$(TARGET_NAME)";
				TEST_HOST = "$(BUILT_PRODUCTS_DIR)/EyeTrackerDemo.app/EyeTrackerDemo";
			};
			name = Release;
		};
/* End XCBuildConfiguration section */

/* Begin XCConfigurationList section */
		875AF2131C769116005FE004 /* Build configuration list for PBXProject "EyeTrackerDemo" */ = {
			isa = XCConfigurationList;
			buildConfigurations = (
				875AF2331C769117005FE004 /* Debug */,
				875AF2341C769117005FE004 /* Release */,
			);
			defaultConfigurationIsVisible = 0;
			defaultConfigurationName = Release;
		};
		875AF2351C769117005FE004 /* Build configuration list for PBXNativeTarget "EyeTrackerDemo" */ = {
			isa = XCConfigurationList;
			buildConfigurations = (
				875AF2361C769117005FE004 /* Debug */,
				875AF2371C769117005FE004 /* Release */,
			);
			defaultConfigurationIsVisible = 0;
		};
		875AF2381C769117005FE004 /* Build configuration list for PBXNativeTarget "EyeTrackerDemoTests" */ = {
			isa = XCConfigurationList;
			buildConfigurations = (
				875AF2391C769117005FE004 /* Debug */,
				875AF23A1C769117005FE004 /* Release */,
			);
			defaultConfigurationIsVisible = 0;
		};
/* End XCConfigurationList section */
	};
	rootObject = 875AF2101C769116005FE004 /* Project object */;
}
